
Microsoft Visual Studio Solution File, Format Version 12.00
# Visual Studio Version 17
VisualStudioVersion = 17.7.34031.279
MinimumVisualStudioVersion = 10.0.40219.1
Project("{FAE04EC0-301F-11D3-BF4B-00C04F79EFBC}") = "Server", "Server\Server.csproj", "{6E31A8DA-7C1C-49C6-8262-97140D92E102}"
EndProject
Global
	GlobalSection(SolutionConfigurationPlatforms) = preSolution
		Debug|Any CPU = Debug|Any CPU
		Release|Any CPU = Release|Any CPU
	EndGlobalSection
	GlobalSection(ProjectConfigurationPlatforms) = postSolution
		{6E31A8DA-7C1C-49C6-8262-97140D92E102}.Debug|Any CPU.ActiveCfg = Debug|Any CPU
		{6E31A8DA-7C1C-49C6-8262-97140D92E102}.Debug|Any CPU.Build.0 = Debug|Any CPU
		{6E31A8DA-7C1C-49C6-8262-97140D92E102}.Release|Any CPU.ActiveCfg = Release|Any CPU
		{6E31A8DA-7C1C-49C6-8262-97140D92E102}.Release|Any CPU.Build.0 = Release|Any CPU
	EndGlobalSection
	GlobalSection(SolutionProperties) = preSolution
		HideSolutionNode = FALSE
	EndGlobalSection
	GlobalSection(ExtensibilityGlobals) = postSolution
		SolutionGuid = {A82D15F6-F982-4C21-A697-96DD2E36070C}
	EndGlobalSection
EndGlobal
